{
  "name": "cordova-plugin-external-url-intercept",
  "version": "0.1.0",
  "lockfileVersion": 2,
  "requires": true,
  "packages": {
    "": {
      "name": "cordova-plugin-external-url-intercept",
      "version": "0.1.0",
      "license": "Apache-2.0",
      "engines": {
        "cordovaDependencies": {
          "3.0.0": {
            "cordova-android": ">=6.3.0"
          },
          "5.0.0": {
            "cordova": ">100"
          }
        }
      }
    }
  }
}
